// !$*UTF8*$!
{
	archiveVersion = 1;
	classes = {
	};
	objectVersion = 56;
	objects = {

/* Begin PBXBuildFile section */
		53BCF9CB2B60575A00ACD184 /* VisualReaderApp.swift in Sources */ = {isa = PBXBuildFile; fileRef = 53BCF9CA2B60575A00ACD184 /* VisualReaderApp.swift */; };
		53BCF9CD2B60575A00ACD184 /* ContentView.swift in Sources */ = {isa = PBXBuildFile; fileRef = 53BCF9CC2B60575A00ACD184 /* ContentView.swift */; };
		53BCF9CF2B60575F00ACD184 /* Assets.xcassets in Resources */ = {isa = PBXBuildFile; fileRef = 53BCF9CE2B60575F00ACD184 /* Assets.xcassets */; };
		53BCF9D32B60575F00ACD184 /* Preview Assets.xcassets in Resources */ = {isa = PBXBuildFile; fileRef = 53BCF9D22B60575F00ACD184 /* Preview Assets.xcassets */; };
		53BCF9DD2B60575F00ACD184 /* VisualReaderTests.swift in Sources */ = {isa = PBXBuildFile; fileRef = 53BCF9DC2B60575F00ACD184 /* VisualReaderTests.swift */; };
		53BCF9E72B60575F00ACD184 /* VisualReaderUITests.swift in Sources */ = {isa = PBXBuildFile; fileRef = 53BCF9E62B60575F00ACD184 /* VisualReaderUITests.swift */; };
		53BCF9E92B60575F00ACD184 /* VisualReaderUITestsLaunchTests.swift in Sources */ = {isa = PBXBuildFile; fileRef = 53BCF9E82B60575F00ACD184 /* VisualReaderUITestsLaunchTests.swift */; };
/* End PBXBuildFile section */

/* Begin PBXContainerItemProxy section */
		53BCF9D92B60575F00ACD184 /* PBXContainerItemProxy */ = {
			isa = PBXContainerItemProxy;
			containerPortal = 53BCF9BF2B60575A00ACD184 /* Project object */;
			proxyType = 1;
			remoteGlobalIDString = 53BCF9C62B60575A00ACD184;
			remoteInfo = VisualReader;
		};
		53BCF9E32B60575F00ACD184 /* PBXContainerItemProxy */ = {
			isa = PBXContainerItemProxy;
			containerPortal = 53BCF9BF2B60575A00ACD184 /* Project object */;
			proxyType = 1;
			remoteGlobalIDString = 53BCF9C62B60575A00ACD184;
			remoteInfo = VisualReader;
		};
/* End PBXContainerItemProxy section */

/* Begin PBXFileReference section */
		53BCF9C72B60575A00ACD184 /* VisualReader.app */ = {isa = PBXFileReference; explicitFileType = wrapper.application; includeInIndex = 0; path = VisualReader.app; sourceTree = BUILT_PRODUCTS_DIR; };
		53BCF9CA2B60575A00ACD184 /* VisualReaderApp.swift */ = {isa = PBXFileReference; lastKnownFileType = sourcecode.swift; path = VisualReaderApp.swift; sourceTree = "<group>"; };
		53BCF9CC2B60575A00ACD184 /* ContentView.swift */ = {isa = PBXFileReference; lastKnownFileType = sourcecode.swift; path = ContentView.swift; sourceTree = "<group>"; };
		53BCF9CE2B60575F00ACD184 /* Assets.xcassets */ = {isa = PBXFileReference; lastKnownFileType = folder.assetcatalog; path = Assets.xcassets; sourceTree = "<group>"; };
		53BCF9D02B60575F00ACD184 /* VisualReader.entitlements */ = {isa = PBXFileReference; lastKnownFileType = text.plist.entitlements; path = VisualReader.entitlements; sourceTree = "<group>"; };
		53BCF9D22B60575F00ACD184 /* Preview Assets.xcassets */ = {isa = PBXFileReference; lastKnownFileType = folder.assetcatalog; path = "Preview Assets.xcassets"; sourceTree = "<group>"; };
		53BCF9D82B60575F00ACD184 /* VisualReaderTests.xctest */ = {isa = PBXFileReference; explicitFileType = wrapper.cfbundle; includeInIndex = 0; path = VisualReaderTests.xctest; sourceTree = BUILT_PRODUCTS_DIR; };
		53BCF9DC2B60575F00ACD184 /* VisualReaderTests.swift */ = {isa = PBXFileReference; lastKnownFileType = sourcecode.swift; path = VisualReaderTests.swift; sourceTree = "<group>"; };
		53BCF9E22B60575F00ACD184 /* VisualReaderUITests.xctest */ = {isa = PBXFileReference; explicitFileType = wrapper.cfbundle; includeInIndex = 0; path = VisualReaderUITests.xctest; sourceTree = BUILT_PRODUCTS_DIR; };
		53BCF9E62B60575F00ACD184 /* VisualReaderUITests.swift */ = {isa = PBXFileReference; lastKnownFileType = sourcecode.swift; path = VisualReaderUITests.swift; sourceTree = "<group>"; };
		53BCF9E82B60575F00ACD184 /* VisualReaderUITestsLaunchTests.swift */ = {isa = PBXFileReference; lastKnownFileType = sourcecode.swift; path = VisualReaderUITestsLaunchTests.swift; sourceTree = "<group>"; };
/* End PBXFileReference section */

/* Begin PBXFrameworksBuildPhase section */
		53BCF9C42B60575A00ACD184 /* Frameworks */ = {
			isa = PBXFrameworksBuildPhase;
			buildActionMask = 2147483647;
			files = (
			);
			runOnlyForDeploymentPostprocessing = 0;
		};
		53BCF9D52B60575F00ACD184 /* Frameworks */ = {
			isa = PBXFrameworksBuildPhase;
			buildActionMask = 2147483647;
			files = (
			);
			runOnlyForDeploymentPostprocessing = 0;
		};
		53BCF9DF2B60575F00ACD184 /* Frameworks */ = {
			isa = PBXFrameworksBuildPhase;
			buildActionMask = 2147483647;
			files = (
			);
			runOnlyForDeploymentPostprocessing = 0;
		};
/* End PBXFrameworksBuildPhase section */

/* Begin PBXGroup section */
		53BCF9BE2B60575A00ACD184 = {
			isa = PBXGroup;
			children = (
				53BCF9C92B60575A00ACD184 /* VisualReader */,
				53BCF9DB2B60575F00ACD184 /* VisualReaderTests */,
				53BCF9E52B60575F00ACD184 /* VisualReaderUITests */,
				53BCF9C82B60575A00ACD184 /* Products */,
			);
			sourceTree = "<group>";
		};
		53BCF9C82B60575A00ACD184 /* Products */ = {
			isa = PBXGroup;
			children = (
				53BCF9C72B60575A00ACD184 /* VisualReader.app */,
				53BCF9D82B60575F00ACD184 /* VisualReaderTests.xctest */,
				53BCF9E22B60575F00ACD184 /* VisualReaderUITests.xctest */,
			);
			name = Products;
			sourceTree = "<group>";
		};
		53BCF9C92B60575A00ACD184 /* VisualReader */ = {
			isa = PBXGroup;
			children = (
				53BCF9CA2B60575A00ACD184 /* VisualReaderApp.swift */,
				53BCF9CC2B60575A00ACD184 /* ContentView.swift */,
				53BCF9CE2B60575F00ACD184 /* Assets.xcassets */,
				53BCF9D02B60575F00ACD184 /* VisualReader.entitlements */,
				53BCF9D12B60575F00ACD184 /* Preview Content */,
			);
			path = VisualReader;
			sourceTree = "<group>";
		};
		53BCF9D12B60575F00ACD184 /* Preview Content */ = {
			isa = PBXGroup;
			children = (
				53BCF9D22B60575F00ACD184 /* Preview Assets.xcassets */,
			);
			path = "Preview Content";
			sourceTree = "<group>";
		};
		53BCF9DB2B60575F00ACD184 /* VisualReaderTests */ = {
			isa = PBXGroup;
			children = (
				53BCF9DC2B60575F00ACD184 /* VisualReaderTests.swift */,
			);
			path = VisualReaderTests;
			sourceTree = "<group>";
		};
		53BCF9E52B60575F00ACD184 /* VisualReaderUITests */ = {
			isa = PBXGroup;
			children = (
				53BCF9E62B60575F00ACD184 /* VisualReaderUITests.swift */,
				53BCF9E82B60575F00ACD184 /* VisualReaderUITestsLaunchTests.swift */,
			);
			path = VisualReaderUITests;
			sourceTree = "<group>";
		};
/* End PBXGroup section */

/* Begin PBXNativeTarget section */
		53BCF9C62B60575A00ACD184 /* VisualReader */ = {
			isa = PBXNativeTarget;
			buildConfigurationList = 53BCF9EC2B60575F00ACD184 /* Build configuration list for PBXNativeTarget "VisualReader" */;
			buildPhases = (
				53BCF9C32B60575A00ACD184 /* Sources */,
				53BCF9C42B60575A00ACD184 /* Frameworks */,
				53BCF9C52B60575A00ACD184 /* Resources */,
			);
			buildRules = (
			);
			dependencies = (
			);
			name = VisualReader;
			productName = VisualReader;
			productReference = 53BCF9C72B60575A00ACD184 /* VisualReader.app */;
			productType = "com.apple.product-type.application";
		};
		53BCF9D72B60575F00ACD184 /* VisualReaderTests */ = {
			isa = PBXNativeTarget;
			buildConfigurationList = 53BCF9EF2B60575F00ACD184 /* Build configuration list for PBXNativeTarget "VisualReaderTests" */;
			buildPhases = (
				53BCF9D42B60575F00ACD184 /* Sources */,
				53BCF9D52B60575F00ACD184 /* Frameworks */,
				53BCF9D62B60575F00ACD184 /* Resources */,
			);
			buildRules = (
			);
			dependencies = (
				53BCF9DA2B60575F00ACD184 /* PBXTargetDependency */,
			);
			name = VisualReaderTests;
			productName = VisualReaderTests;
			productReference = 53BCF9D82B60575F00ACD184 /* VisualReaderTests.xctest */;
			productType = "com.apple.product-type.bundle.unit-test";
		};
		53BCF9E12B60575F00ACD184 /* VisualReaderUITests */ = {
			isa = PBXNativeTarget;
			buildConfigurationList = 53BCF9F22B60575F00ACD184 /* Build configuration list for PBXNativeTarget "VisualReaderUITests" */;
			buildPhases = (
				53BCF9DE2B60575F00ACD184 /* Sources */,
				53BCF9DF2B60575F00ACD184 /* Frameworks */,
				53BCF9E02B60575F00ACD184 /* Resources */,
			);
			buildRules = (
			);
			dependencies = (
				53BCF9E42B60575F00ACD184 /* PBXTargetDependency */,
			);
			name = VisualReaderUITests;
			productName = VisualReaderUITests;
			productReference = 53BCF9E22B60575F00ACD184 /* VisualReaderUITests.xctest */;
			productType = "com.apple.product-type.bundle.ui-testing";
		};
/* End PBXNativeTarget section */

/* Begin PBXProject section */
		53BCF9BF2B60575A00ACD184 /* Project object */ = {
			isa = PBXProject;
			attributes = {
				BuildIndependentTargetsInParallel = 1;
				LastSwiftUpdateCheck = 1520;
				LastUpgradeCheck = 1520;
				TargetAttributes = {
					53BCF9C62B60575A00ACD184 = {
						CreatedOnToolsVersion = 15.2;
					};
					53BCF9D72B60575F00ACD184 = {
						CreatedOnToolsVersion = 15.2;
						TestTargetID = 53BCF9C62B60575A00ACD184;
					};
					53BCF9E12B60575F00ACD184 = {
						CreatedOnToolsVersion = 15.2;
						TestTargetID = 53BCF9C62B60575A00ACD184;
					};
				};
			};
			buildConfigurationList = 53BCF9C22B60575A00ACD184 /* Build configuration list for PBXProject "VisualReader" */;
			compatibilityVersion = "Xcode 14.0";
			developmentRegion = en;
			hasScannedForEncodings = 0;
			knownRegions = (
				en,
				Base,
			);
			mainGroup = 53BCF9BE2B60575A00ACD184;
			productRefGroup = 53BCF9C82B60575A00ACD184 /* Products */;
			projectDirPath = "";
			projectRoot = "";
			targets = (
				53BCF9C62B60575A00ACD184 /* VisualReader */,
				53BCF9D72B60575F00ACD184 /* VisualReaderTests */,
				53BCF9E12B60575F00ACD184 /* VisualReaderUITests */,
			);
		};
/* End PBXProject section */

/* Begin PBXResourcesBuildPhase section */
		53BCF9C52B60575A00ACD184 /* Resources */ = {
			isa = PBXResourcesBuildPhase;
			buildActionMask = 2147483647;
			files = (
				53BCF9D32B60575F00ACD184 /* Preview Assets.xcassets in Resources */,
				53BCF9CF2B60575F00ACD184 /* Assets.xcassets in Resources */,
			);
			runOnlyForDeploymentPostprocessing = 0;
		};
		53BCF9D62B60575F00ACD184 /* Resources */ = {
			isa = PBXResourcesBuildPhase;
			buildActionMask = 2147483647;
			files = (
			);
			runOnlyForDeploymentPostprocessing = 0;
		};
		53BCF9E02B60575F00ACD184 /* Resources */ = {
			isa = PBXResourcesBuildPhase;
			buildActionMask = 2147483647;
			files = (
			);
			runOnlyForDeploymentPostprocessing = 0;
		};
/* End PBXResourcesBuildPhase section */

/* Begin PBXSourcesBuildPhase section */
		53BCF9C32B60575A00ACD184 /* Sources */ = {
			isa = PBXSourcesBuildPhase;
			buildActionMask = 2147483647;
			files = (
				53BCF9CD2B60575A00ACD184 /* ContentView.swift in Sources */,
				53BCF9CB2B60575A00ACD184 /* VisualReaderApp.swift in Sources */,
			);
			runOnlyForDeploymentPostprocessing = 0;
		};
		53BCF9D42B60575F00ACD184 /* Sources */ = {
			isa = PBXSourcesBuildPhase;
			buildActionMask = 2147483647;
			files = (
				53BCF9DD2B60575F00ACD184 /* VisualReaderTests.swift in Sources */,
			);
			runOnlyForDeploymentPostprocessing = 0;
		};
		53BCF9DE2B60575F00ACD184 /* Sources */ = {
			isa = PBXSourcesBuildPhase;
			buildActionMask = 2147483647;
			files = (
				53BCF9E72B60575F00ACD184 /* VisualReaderUITests.swift in Sources */,
				53BCF9E92B60575F00ACD184 /* VisualReaderUITestsLaunchTests.swift in Sources */,
			);
			runOnlyForDeploymentPostprocessing = 0;
		};
/* End PBXSourcesBuildPhase section */

/* Begin PBXTargetDependency section */
		53BCF9DA2B60575F00ACD184 /* PBXTargetDependency */ = {
			isa = PBXTargetDependency;
			target = 53BCF9C62B60575A00ACD184 /* VisualReader */;
			targetProxy = 53BCF9D92B60575F00ACD184 /* PBXContainerItemProxy */;
		};
		53BCF9E42B60575F00ACD184 /* PBXTargetDependency */ = {
			isa = PBXTargetDependency;
			target = 53BCF9C62B60575A00ACD184 /* VisualReader */;
			targetProxy = 53BCF9E32B60575F00ACD184 /* PBXContainerItemProxy */;
		};
/* End PBXTargetDependency section */

/* Begin XCBuildConfiguration section */
		53BCF9EA2B60575F00ACD184 /* Debug */ = {
			isa = XCBuildConfiguration;
			buildSettings = {
				ALWAYS_SEARCH_USER_PATHS = NO;
				ASSETCATALOG_COMPILER_GENERATE_SWIFT_ASSET_SYMBOL_EXTENSIONS = YES;
				CLANG_ANALYZER_NONNULL = YES;
				CLANG_ANALYZER_NUMBER_OBJECT_CONVERSION = YES_AGGRESSIVE;
				CLANG_CXX_LANGUAGE_STANDARD = "gnu++20";
				CLANG_ENABLE_MODULES = YES;
				CLANG_ENABLE_OBJC_ARC = YES;
				CLANG_ENABLE_OBJC_WEAK = YES;
				CLANG_WARN_BLOCK_CAPTURE_AUTORELEASING = YES;
				CLANG_WARN_BOOL_CONVERSION = YES;
				CLANG_WARN_COMMA = YES;
				CLANG_WARN_CONSTANT_CONVERSION = YES;
				CLANG_WARN_DEPRECATED_OBJC_IMPLEMENTATIONS = YES;
				CLANG_WARN_DIRECT_OBJC_ISA_USAGE = YES_ERROR;
				CLANG_WARN_DOCUMENTATION_COMMENTS = YES;
				CLANG_WARN_EMPTY_BODY = YES;
				CLANG_WARN_ENUM_CONVERSION = YES;
				CLANG_WARN_INFINITE_RECURSION = YES;
				CLANG_WARN_INT_CONVERSION = YES;
				CLANG_WARN_NON_LITERAL_NULL_CONVERSION = YES;
				CLANG_WARN_OBJC_IMPLICIT_RETAIN_SELF = YES;
				CLANG_WARN_OBJC_LITERAL_CONVERSION = YES;
				CLANG_WARN_OBJC_ROOT_CLASS = YES_ERROR;
				CLANG_WARN_QUOTED_INCLUDE_IN_FRAMEWORK_HEADER = YES;
				CLANG_WARN_RANGE_LOOP_ANALYSIS = YES;
				CLANG_WARN_STRICT_PROTOTYPES = YES;
				CLANG_WARN_SUSPICIOUS_MOVE = YES;
				CLANG_WARN_UNGUARDED_AVAILABILITY = YES_AGGRESSIVE;
				CLANG_WARN_UNREACHABLE_CODE = YES;
				CLANG_WARN__DUPLICATE_METHOD_MATCH = YES;
				COPY_PHASE_STRIP = NO;
				DEBUG_INFORMATION_FORMAT = dwarf;
				ENABLE_STRICT_OBJC_MSGSEND = YES;
				ENABLE_TESTABILITY = YES;
				ENABLE_USER_SCRIPT_SANDBOXING = YES;
				GCC_C_LANGUAGE_STANDARD = gnu17;
				GCC_DYNAMIC_NO_PIC = NO;
				GCC_NO_COMMON_BLOCKS = YES;
				GCC_OPTIMIZATION_LEVEL = 0;
				GCC_PREPROCESSOR_DEFINITIONS = (
					"DEBUG=1",
					"$(inherited)",
				);
				GCC_WARN_64_TO_32_BIT_CONVERSION = YES;
				GCC_WARN_ABOUT_RETURN_TYPE = YES_ERROR;
				GCC_WARN_UNDECLARED_SELECTOR = YES;
				GCC_WARN_UNINITIALIZED_AUTOS = YES_AGGRESSIVE;
				GCC_WARN_UNUSED_FUNCTION = YES;
				GCC_WARN_UNUSED_VARIABLE = YES;
				LOCALIZATION_PREFERS_STRING_CATALOGS = YES;
				MTL_ENABLE_DEBUG_INFO = INCLUDE_SOURCE;
				MTL_FAST_MATH = YES;
				ONLY_ACTIVE_ARCH = YES;
				SWIFT_ACTIVE_COMPILATION_CONDITIONS = "DEBUG $(inherited)";
				SWIFT_OPTIMIZATION_LEVEL = "-Onone";
			};
			name = Debug;
		};
		53BCF9EB2B60575F00ACD184 /* Release */ = {
			isa = XCBuildConfiguration;
			buildSettings = {
				ALWAYS_SEARCH_USER_PATHS = NO;
				ASSETCATALOG_COMPILER_GENERATE_SWIFT_ASSET_SYMBOL_EXTENSIONS = YES;
				CLANG_ANALYZER_NONNULL = YES;
				CLANG_ANALYZER_NUMBER_OBJECT_CONVERSION = YES_AGGRESSIVE;
				CLANG_CXX_LANGUAGE_STANDARD = "gnu++20";
				CLANG_ENABLE_MODULES = YES;
				CLANG_ENABLE_OBJC_ARC = YES;
				CLANG_ENABLE_OBJC_WEAK = YES;
				CLANG_WARN_BLOCK_CAPTURE_AUTORELEASING = YES;
				CLANG_WARN_BOOL_CONVERSION = YES;
				CLANG_WARN_COMMA = YES;
				CLANG_WARN_CONSTANT_CONVERSION = YES;
				CLANG_WARN_DEPRECATED_OBJC_IMPLEMENTATIONS = YES;
				CLANG_WARN_DIRECT_OBJC_ISA_USAGE = YES_ERROR;
				CLANG_WARN_DOCUMENTATION_COMMENTS = YES;
				CLANG_WARN_EMPTY_BODY = YES;
				CLANG_WARN_ENUM_CONVERSION = YES;
				CLANG_WARN_INFINITE_RECURSION = YES;
				CLANG_WARN_INT_CONVERSION = YES;
				CLANG_WARN_NON_LITERAL_NULL_CONVERSION = YES;
				CLANG_WARN_OBJC_IMPLICIT_RETAIN_SELF = YES;
				CLANG_WARN_OBJC_LITERAL_CONVERSION = YES;
				CLANG_WARN_OBJC_ROOT_CLASS = YES_ERROR;
				CLANG_WARN_QUOTED_INCLUDE_IN_FRAMEWORK_HEADER = YES;
				CLANG_WARN_RANGE_LOOP_ANALYSIS = YES;
				CLANG_WARN_STRICT_PROTOTYPES = YES;
				CLANG_WARN_SUSPICIOUS_MOVE = YES;
				CLANG_WARN_UNGUARDED_AVAILABILITY = YES_AGGRESSIVE;
				CLANG_WARN_UNREACHABLE_CODE = YES;
				CLANG_WARN__DUPLICATE_METHOD_MATCH = YES;
				COPY_PHASE_STRIP = NO;
				DEBUG_INFORMATION_FORMAT = "dwarf-with-dsym";
				ENABLE_NS_ASSERTIONS = NO;
				ENABLE_STRICT_OBJC_MSGSEND = YES;
				ENABLE_USER_SCRIPT_SANDBOXING = YES;
				GCC_C_LANGUAGE_STANDARD = gnu17;
				GCC_NO_COMMON_BLOCKS = YES;
				GCC_WARN_64_TO_32_BIT_CONVERSION = YES;
				GCC_WARN_ABOUT_RETURN_TYPE = YES_ERROR;
				GCC_WARN_UNDECLARED_SELECTOR = YES;
				GCC_WARN_UNINITIALIZED_AUTOS = YES_AGGRESSIVE;
				GCC_WARN_UNUSED_FUNCTION = YES;
				GCC_WARN_UNUSED_VARIABLE = YES;
				LOCALIZATION_PREFERS_STRING_CATALOGS = YES;
				MTL_ENABLE_DEBUG_INFO = NO;
				MTL_FAST_MATH = YES;
				SWIFT_COMPILATION_MODE = wholemodule;
			};
			name = Release;
		};
		53BCF9ED2B60575F00ACD184 /* Debug */ = {
			isa = XCBuildConfiguration;
			buildSettings = {
				ASSETCATALOG_COMPILER_APPICON_NAME = AppIcon;
				ASSETCATALOG_COMPILER_GLOBAL_ACCENT_COLOR_NAME = AccentColor;
				CODE_SIGN_ENTITLEMENTS = VisualReader/VisualReader.entitlements;
				CODE_SIGN_STYLE = Automatic;
				CURRENT_PROJECT_VERSION = 1;
				DEVELOPMENT_ASSET_PATHS = "\"VisualReader/Preview Content\"";
				ENABLE_PREVIEWS = YES;
				GENERATE_INFOPLIST_FILE = YES;
				"INFOPLIST_KEY_UIApplicationSceneManifest_Generation[sdk=iphoneos*]" = YES;
				"INFOPLIST_KEY_UIApplicationSceneManifest_Generation[sdk=iphonesimulator*]" = YES;
				"INFOPLIST_KEY_UIApplicationSupportsIndirectInputEvents[sdk=iphoneos*]" = YES;
				"INFOPLIST_KEY_UIApplicationSupportsIndirectInputEvents[sdk=iphonesimulator*]" = YES;
				"INFOPLIST_KEY_UILaunchScreen_Generation[sdk=iphoneos*]" = YES;
				"INFOPLIST_KEY_UILaunchScreen_Generation[sdk=iphonesimulator*]" = YES;
				"INFOPLIST_KEY_UIStatusBarStyle[sdk=iphoneos*]" = UIStatusBarStyleDefault;
				"INFOPLIST_KEY_UIStatusBarStyle[sdk=iphonesimulator*]" = UIStatusBarStyleDefault;
				INFOPLIST_KEY_UISupportedInterfaceOrientations_iPad = "UIInterfaceOrientationPortrait UIInterfaceOrientationPortraitUpsideDown UIInterfaceOrientationLandscapeLeft UIInterfaceOrientationLandscapeRight";
				INFOPLIST_KEY_UISupportedInterfaceOrientations_iPhone = "UIInterfaceOrientationPortrait UIInterfaceOrientationLandscapeLeft UIInterfaceOrientationLandscapeRight";
				IPHONEOS_DEPLOYMENT_TARGET = 17.2;
				LD_RUNPATH_SEARCH_PATHS = "@executable_path/Frameworks";
				"LD_RUNPATH_SEARCH_PATHS[sdk=macosx*]" = "@executable_path/../Frameworks";
				MACOSX_DEPLOYMENT_TARGET = 14.1;
				MARKETING_VERSION = 1.0;
				PRODUCT_BUNDLE_IDENTIFIER = BradleyThomas.VisualReader;
				PRODUCT_NAME = "$(TARGET_NAME)";
				SDKROOT = auto;
				SUPPORTED_PLATFORMS = "iphoneos iphonesimulator macosx";
				SWIFT_EMIT_LOC_STRINGS = YES;
				SWIFT_VERSION = 5.0;
				TARGETED_DEVICE_FAMILY = "1,2";
			};
			name = Debug;
		};
		53BCF9EE2B60575F00ACD184 /* Release */ = {
			isa = XCBuildConfiguration;
			buildSettings = {
				ASSETCATALOG_COMPILER_APPICON_NAME = AppIcon;
				ASSETCATALOG_COMPILER_GLOBAL_ACCENT_COLOR_NAME = AccentColor;
				CODE_SIGN_ENTITLEMENTS = VisualReader/VisualReader.entitlements;
				CODE_SIGN_STYLE = Automatic;
				CURRENT_PROJECT_VERSION = 1;
				DEVELOPMENT_ASSET_PATHS = "\"VisualReader/Preview Content\"";
				ENABLE_PREVIEWS = YES;
				GENERATE_INFOPLIST_FILE = YES;
				"INFOPLIST_KEY_UIApplicationSceneManifest_Generation[sdk=iphoneos*]" = YES;
				"INFOPLIST_KEY_UIApplicationSceneManifest_Generation[sdk=iphonesimulator*]" = YES;
				"INFOPLIST_KEY_UIApplicationSupportsIndirectInputEvents[sdk=iphoneos*]" = YES;
				"INFOPLIST_KEY_UIApplicationSupportsIndirectInputEvents[sdk=iphonesimulator*]" = YES;
				"INFOPLIST_KEY_UILaunchScreen_Generation[sdk=iphoneos*]" = YES;
				"INFOPLIST_KEY_UILaunchScreen_Generation[sdk=iphonesimulator*]" = YES;
				"INFOPLIST_KEY_UIStatusBarStyle[sdk=iphoneos*]" = UIStatusBarStyleDefault;
				"INFOPLIST_KEY_UIStatusBarStyle[sdk=iphonesimulator*]" = UIStatusBarStyleDefault;
				INFOPLIST_KEY_UISupportedInterfaceOrientations_iPad = "UIInterfaceOrientationPortrait UIInterfaceOrientationPortraitUpsideDown UIInterfaceOrientationLandscapeLeft UIInterfaceOrientationLandscapeRight";
				INFOPLIST_KEY_UISupportedInterfaceOrientations_iPhone = "UIInterfaceOrientationPortrait UIInterfaceOrientationLandscapeLeft UIInterfaceOrientationLandscapeRight";
				IPHONEOS_DEPLOYMENT_TARGET = 17.2;
				LD_RUNPATH_SEARCH_PATHS = "@executable_path/Frameworks";
				"LD_RUNPATH_SEARCH_PATHS[sdk=macosx*]" = "@executable_path/../Frameworks";
				MACOSX_DEPLOYMENT_TARGET = 14.1;
				MARKETING_VERSION = 1.0;
				PRODUCT_BUNDLE_IDENTIFIER = BradleyThomas.VisualReader;
				PRODUCT_NAME = "$(TARGET_NAME)";
				SDKROOT = auto;
				SUPPORTED_PLATFORMS = "iphoneos iphonesimulator macosx";
				SWIFT_EMIT_LOC_STRINGS = YES;
				SWIFT_VERSION = 5.0;
				TARGETED_DEVICE_FAMILY = "1,2";
			};
			name = Release;
		};
		53BCF9F02B60575F00ACD184 /* Debug */ = {
			isa = XCBuildConfiguration;
			buildSettings = {
				ALWAYS_EMBED_SWIFT_STANDARD_LIBRARIES = YES;
				BUNDLE_LOADER = "$(TEST_HOST)";
				CODE_SIGN_STYLE = Automatic;
				CURRENT_PROJECT_VERSION = 1;
				GENERATE_INFOPLIST_FILE = YES;
				IPHONEOS_DEPLOYMENT_TARGET = 17.2;
				MACOSX_DEPLOYMENT_TARGET = 14.1;
				MARKETING_VERSION = 1.0;
				PRODUCT_BUNDLE_IDENTIFIER = BradleyThomas.VisualReaderTests;
				PRODUCT_NAME = "$(TARGET_NAME)";
				SDKROOT = auto;
				SUPPORTED_PLATFORMS = "iphoneos iphonesimulator macosx";
				SWIFT_EMIT_LOC_STRINGS = NO;
				SWIFT_VERSION = 5.0;
				TARGETED_DEVICE_FAMILY = "1,2";
				TEST_HOST = "$(BUILT_PRODUCTS_DIR)/VisualReader.app/$(BUNDLE_EXECUTABLE_FOLDER_PATH)/VisualReader";
			};
			name = Debug;
		};
		53BCF9F12B60575F00ACD184 /* Release */ = {
			isa = XCBuildConfiguration;
			buildSettings = {
				ALWAYS_EMBED_SWIFT_STANDARD_LIBRARIES = YES;
				BUNDLE_LOADER = "$(TEST_HOST)";
				CODE_SIGN_STYLE = Automatic;
				CURRENT_PROJECT_VERSION = 1;
				GENERATE_INFOPLIST_FILE = YES;
				IPHONEOS_DEPLOYMENT_TARGET = 17.2;
				MACOSX_DEPLOYMENT_TARGET = 14.1;
				MARKETING_VERSION = 1.0;
				PRODUCT_BUNDLE_IDENTIFIER = BradleyThomas.VisualReaderTests;
				PRODUCT_NAME = "$(TARGET_NAME)";
				SDKROOT = auto;
				SUPPORTED_PLATFORMS = "iphoneos iphonesimulator macosx";
				SWIFT_EMIT_LOC_STRINGS = NO;
				SWIFT_VERSION = 5.0;
				TARGETED_DEVICE_FAMILY = "1,2";
				TEST_HOST = "$(BUILT_PRODUCTS_DIR)/VisualReader.app/$(BUNDLE_EXECUTABLE_FOLDER_PATH)/VisualReader";
			};
			name = Release;
		};
		53BCF9F32B60575F00ACD184 /* Debug */ = {
			isa = XCBuildConfiguration;
			buildSettings = {
				ALWAYS_EMBED_SWIFT_STANDARD_LIBRARIES = YES;
				CODE_SIGN_STYLE = Automatic;
				CURRENT_PROJECT_VERSION = 1;
				GENERATE_INFOPLIST_FILE = YES;
				IPHONEOS_DEPLOYMENT_TARGET = 17.2;
				MACOSX_DEPLOYMENT_TARGET = 14.1;
				MARKETING_VERSION = 1.0;
				PRODUCT_BUNDLE_IDENTIFIER = BradleyThomas.VisualReaderUITests;
				PRODUCT_NAME = "$(TARGET_NAME)";
				SDKROOT = auto;
				SUPPORTED_PLATFORMS = "iphoneos iphonesimulator macosx";
				SWIFT_EMIT_LOC_STRINGS = NO;
				SWIFT_VERSION = 5.0;
				TARGETED_DEVICE_FAMILY = "1,2";
				TEST_TARGET_NAME = VisualReader;
			};
			name = Debug;
		};
		53BCF9F42B60575F00ACD184 /* Release */ = {
			isa = XCBuildConfiguration;
			buildSettings = {
				ALWAYS_EMBED_SWIFT_STANDARD_LIBRARIES = YES;
				CODE_SIGN_STYLE = Automatic;
				CURRENT_PROJECT_VERSION = 1;
				GENERATE_INFOPLIST_FILE = YES;
				IPHONEOS_DEPLOYMENT_TARGET = 17.2;
				MACOSX_DEPLOYMENT_TARGET = 14.1;
				MARKETING_VERSION = 1.0;
				PRODUCT_BUNDLE_IDENTIFIER = BradleyThomas.VisualReaderUITests;
				PRODUCT_NAME = "$(TARGET_NAME)";
				SDKROOT = auto;
				SUPPORTED_PLATFORMS = "iphoneos iphonesimulator macosx";
				SWIFT_EMIT_LOC_STRINGS = NO;
				SWIFT_VERSION = 5.0;
				TARGETED_DEVICE_FAMILY = "1,2";
				TEST_TARGET_NAME = VisualReader;
			};
			name = Release;
		};
/* End XCBuildConfiguration section */

/* Begin XCConfigurationList section */
		53BCF9C22B60575A00ACD184 /* Build configuration list for PBXProject "VisualReader" */ = {
			isa = XCConfigurationList;
			buildConfigurations = (
				53BCF9EA2B60575F00ACD184 /* Debug */,
				53BCF9EB2B60575F00ACD184 /* Release */,
			);
			defaultConfigurationIsVisible = 0;
			defaultConfigurationName = Release;
		};
		53BCF9EC2B60575F00ACD184 /* Build configuration list for PBXNativeTarget "VisualReader" */ = {
			isa = XCConfigurationList;
			buildConfigurations = (
				53BCF9ED2B60575F00ACD184 /* Debug */,
				53BCF9EE2B60575F00ACD184 /* Release */,
			);
			defaultConfigurationIsVisible = 0;
			defaultConfigurationName = Release;
		};
		53BCF9EF2B60575F00ACD184 /* Build configuration list for PBXNativeTarget "VisualReaderTests" */ = {
			isa = XCConfigurationList;
			buildConfigurations = (
				53BCF9F02B60575F00ACD184 /* Debug */,
				53BCF9F12B60575F00ACD184 /* Release */,
			);
			defaultConfigurationIsVisible = 0;
			defaultConfigurationName = Release;
		};
		53BCF9F22B60575F00ACD184 /* Build configuration list for PBXNativeTarget "VisualReaderUITests" */ = {
			isa = XCConfigurationList;
			buildConfigurations = (
				53BCF9F32B60575F00ACD184 /* Debug */,
				53BCF9F42B60575F00ACD184 /* Release */,
			);
			defaultConfigurationIsVisible = 0;
			defaultConfigurationName = Release;
		};
/* End XCConfigurationList section */
	};
	rootObject = 53BCF9BF2B60575A00ACD184 /* Project object */;
}
